{
    "_meta": {
        "hash": {
            "sha256": "98534e27cff23152aac10217d5aeae8c2b78096cbdcac3d2af59c52482a3f1b5"
        },
        "pipfile-spec": 6,
        "requires": {},
        "sources": [
            {
                "name": "pypi",
                "url": "https://pypi.python.org/simple",
                "verify_ssl": true
            }
        ]
    },
    "default": {
        "certifi": {
            "hashes": [
                "sha256:1a4995114262bffbc2413b159f2a1a480c969de6e6eb13ee966d470af86af59c",
                "sha256:719a74fb9e33b9bd44cc7f3a8d94bc35e4049deebe19ba7d8e108280cfd59830"
            ],
            "version": "==2020.12.5"
        },
        "chardet": {
            "hashes": [
                "sha256:84ab92ed1c4d4f16916e05906b6b75a6c0fb5db821cc65e70cbd64a3e2a5eaae",
                "sha256:fc323ffcaeaed0e0a02bf4d117757b98aed530d9ed4531e3e15460124c106691"
            ],
            "version": "==3.0.4"
        },
        "idna": {
            "hashes": [
                "sha256:2c6a5de3089009e3da7c5dde64a141dbc8551d5b7f6cf4ed7c2568d0cc520a8f",
                "sha256:8c7309c718f94b3a625cb648ace320157ad16ff131ae0af362c9f21b80ef6ec4"
            ],
            "version": "==2.6"
        },
        "iso8601": {
            "hashes": [
                "sha256:210e0134677cc0d02f6028087fee1df1e1d76d372ee1db0bf30bf66c5c1c89a3",
                "sha256:49c4b20e1f38aa5cf109ddcd39647ac419f928512c869dc01d5c7098eddede82",
                "sha256:bbbae5fb4a7abfe71d4688fd64bff70b91bbd74ef6a99d964bab18f7fdf286dd"
            ],
            "index": "pypi",
            "version": "==0.1.12"
        },
        "m3u8": {
            "hashes": [
                "sha256:decb5585a185fdc33b4a44cc4ea015638a906ede1fe819f48795376d718b41b7"
            ],
            "index": "pypi",
            "version": "==0.3.5"
        },
        "mypy-extensions": {
            "hashes": [
                "sha256:c4553f2475996c912658d3c2f398766cd47a65e0c2c6bb27ac8dea94a21640f4"
            ],
            "index": "pypi",
            "version": "==0.3.0"
        },
        "pydantic": {
            "hashes": [
                "sha256:14e598055b65d2e6cedf10dc3de6ad1bb04ca3eec348e4af1cf5e5e496deab55",
                "sha256:1d42c7408cde8a224c2bb969bfb9dca21f3b1eec37a92044be8bcd7d35ea5826",
                "sha256:433dda6200104d7aa38c27a6ea52485e69931042556065402281cc73a57fd680",
                "sha256:51dec047b44f0de4dbfa301b73df605918088348b951b8b4616127249febfe30",
                "sha256:548c284237b0c61e0e785ad03167c75723f22000f82e8104d8981fdf50ce14e8",
                "sha256:60b8956b57045224294691b78a6a4be0f321271a9f1c2a7fef25248e4c4f20df",
                "sha256:6eea211e8b427841a16f43fa739ac06059db6af0d167476b928dbb237d870b77",
                "sha256:76b241172d6e22403e116e1d3b7305b6a9479323f8168f2fcb300ffe698443b9",
                "sha256:90310c1c5945b4fe2ff7bd69e306e54d192e55d22480657ddd6d2519cf2f12ba",
                "sha256:93f7f510fc366b99dace4a3d1f036aafcfe908092c5f2572ad4a96be24da199c",
                "sha256:ae48129396bd5acfaef1cdaaa959ac8ab5d02c026b1fdffb421dc6fa81d7861d",
                "sha256:be4e0263ef515ae14f06e9fb372843f00bdb218ec4f2f04beb3480ac1538a9a9",
                "sha256:bf9e5dd5e0e7e64541508f657c63bf6ab869109cb39f017f935acfeb64ea9be8",
                "sha256:cd777c102ba31bc9992093c2e9f778c21b3965566d1fa5ac9f9b7cea2e67fe2a",
                "sha256:d09adff1c70351a8750941dd39fda25447eab2e3cdb5b2aade340f69f6f53e84",
                "sha256:e77e5f640f1093bf417b841d9b4148bd4212bb0dbb2cbb9024aa07f2b3b260eb",
                "sha256:f6a1a465dd72aff0462486588a2bf905f9169e575deec1e6f6d00240fe1b4e00"
            ],
            "index": "pypi",
            "version": "==1.6.2"
        },
        "python-dateutil": {
            "hashes": [
                "sha256:73ebfe9dbf22e832286dafa60473e4cd239f8592f699aa5adaf10050e6e1823c",
                "sha256:75bb3f31ea686f1197762692a9ee6a7550b59fc6ca3a1f4b5d7e32fb98e2da2a"
            ],
            "version": "==2.8.1"
        },
        "requests": {
            "hashes": [
                "sha256:6a1b267aa90cac58ac3a765d067950e7dbbf75b1da07e895d1f594193a40a38b",
                "sha256:9c443e7324ba5b85070c4a818ade28bfabedf16ea10206da1132edaa6dda237e"
            ],
            "index": "pypi",
            "version": "==2.18.4"
        },
        "ruamel.yaml": {
            "hashes": [
                "sha256:44bc6b54fddd45e4bc0619059196679f9e8b79c027f4131bb072e6a22f4d5e28",
                "sha256:ac79fb25f5476e8e9ed1c53b8a2286d2c3f5dde49eb37dbcee5c7eb6a8415a22"
            ],
            "version": "==0.17.4"
        },
        "ruamel.yaml.clib": {
            "hashes": [
                "sha256:058a1cc3df2a8aecc12f983a48bda99315cebf55a3b3a5463e37bb599b05727b",
                "sha256:1236df55e0f73cd138c0eca074ee086136c3f16a97c2ac719032c050f7e0622f",
                "sha256:1f8c0a4577c0e6c99d208de5c4d3fd8aceed9574bb154d7a2b21c16bb924154c",
                "sha256:2602e91bd5c1b874d6f93d3086f9830f3e907c543c7672cf293a97c3fabdcd91",
                "sha256:28116f204103cb3a108dfd37668f20abe6e3cafd0d3fd40dba126c732457b3cc",
                "sha256:2d24bd98af676f4990c4d715bcdc2a60b19c56a3fb3a763164d2d8ca0e806ba7",
                "sha256:2fd336a5c6415c82e2deb40d08c222087febe0aebe520f4d21910629018ab0f3",
                "sha256:30dca9bbcbb1cc858717438218d11eafb78666759e5094dd767468c0d577a7e7",
                "sha256:44c7b0498c39f27795224438f1a6be6c5352f82cb887bc33d962c3a3acc00df6",
                "sha256:464e66a04e740d754170be5e740657a3b3b6d2bcc567f0c3437879a6e6087ff6",
                "sha256:46d6d20815064e8bb023ea8628cfb7402c0f0e83de2c2227a88097e239a7dffd",
                "sha256:4df5019e7783d14b79217ad9c56edf1ba7485d614ad5a385d1b3c768635c81c0",
                "sha256:4e52c96ca66de04be42ea2278012a2342d89f5e82b4512fb6fb7134e377e2e62",
                "sha256:5254af7d8bdf4d5484c089f929cb7f5bafa59b4f01d4f48adda4be41e6d29f99",
                "sha256:52ae5739e4b5d6317b52f5b040b1b6639e8af68a5b8fd606a8b08658fbd0cab5",
                "sha256:53b9dd1abd70e257a6e32f934ebc482dac5edb8c93e23deb663eac724c30b026",
                "sha256:6c0a5dc52fc74eb87c67374a4e554d4761fd42a4d01390b7e868b30d21f4b8bb",
                "sha256:73b3d43e04cc4b228fa6fa5d796409ece6fcb53a6c270eb2048109cbcbc3b9c2",
                "sha256:74161d827407f4db9072011adcfb825b5258a5ccb3d2cd518dd6c9edea9e30f1",
                "sha256:75f0ee6839532e52a3a53f80ce64925ed4aed697dd3fa890c4c918f3304bd4f4",
                "sha256:839dd72545ef7ba78fd2aa1a5dd07b33696adf3e68fae7f31327161c1093001b",
                "sha256:8be05be57dc5c7b4a0b24edcaa2f7275866d9c907725226cdde46da09367d923",
                "sha256:8e8fd0a22c9d92af3a34f91e8a2594eeb35cba90ab643c5e0e643567dc8be43e",
                "sha256:a873e4d4954f865dcb60bdc4914af7eaae48fb56b60ed6daa1d6251c72f5337c",
                "sha256:ab845f1f51f7eb750a78937be9f79baea4a42c7960f5a94dde34e69f3cce1988",
                "sha256:b1e981fe1aff1fd11627f531524826a4dcc1f26c726235a52fcb62ded27d150f",
                "sha256:b4b0d31f2052b3f9f9b5327024dc629a253a83d8649d4734ca7f35b60ec3e9e5",
                "sha256:c6ac7e45367b1317e56f1461719c853fd6825226f45b835df7436bb04031fd8a",
                "sha256:daf21aa33ee9b351f66deed30a3d450ab55c14242cfdfcd377798e2c0d25c9f1",
                "sha256:e9f7d1d8c26a6a12c23421061f9022bb62704e38211fe375c645485f38df34a2",
                "sha256:f6061a31880c1ed6b6ce341215336e2f3d0c1deccd84957b6fa8ca474b41e89f"
            ],
            "markers": "platform_python_implementation == 'CPython' and python_version < '3.10'",
            "version": "==0.2.2"
        },
        "six": {
            "hashes": [
                "sha256:1e61c37477a1626458e36f7b1d82aa5c9b094fa4802892072e49de9c60c4c926",
                "sha256:8abb2f1d86890a2dfb989f9a77cfcfd3e47c2a354b01111771326f8aa26e0254"
            ],
            "version": "==1.16.0"
        },
        "strictyaml": {
            "hashes": [
                "sha256:3d4edff03407a3fc70876434acaea5684d565f5eac70b5aad7e16aaa95f39626"
            ],
            "index": "pypi",
            "version": "==0.11.7"
        },
        "urllib3": {
            "hashes": [
                "sha256:06330f386d6e4b195fbfc736b297f58c5a892e4440e54d294d7004e3a9bbea1b",
                "sha256:cc44da8e1145637334317feebd728bd869a35285b93cbb4cca2577da7e62db4f"
            ],
            "version": "==1.22"
        }
    },
    "develop": {
        "attrs": {
            "hashes": [
                "sha256:149e90d6d8ac20db7a955ad60cf0e6881a3f20d37096140088356da6c716b0b1",
                "sha256:ef6aaac3ca6cd92904cdd0d83f629a15f18053ec84e6432106f7a4d04ae4f5fb"
            ],
            "version": "==21.2.0"
        },
        "flake8": {
            "hashes": [
                "sha256:7253265f7abd8b313e3892944044a365e3f4ac3fcdcfb4298f55ee9ddf188ba0",
                "sha256:c7841163e2b576d435799169b78703ad6ac1bbb0f199994fc05f700b2a90ea37"
            ],
            "index": "pypi",
            "version": "==3.5.0"
        },
        "flake8-bugbear": {
            "hashes": [
                "sha256:541746f0f3b2f1a8d7278e1d2d218df298996b60b02677708560db7c7e620e3b",
                "sha256:5f14a99d458e29cb92be9079c970030e0dd398b2decb179d76d39a5266ea1578"
            ],
            "index": "pypi",
            "version": "==18.2.0"
        },
        "flake8-commas": {
            "hashes": [
                "sha256:d7665140e18fd0325e7f22e6e0c909c7420efca53600b6c579dbddd329a7ff72",
                "sha256:e6f309218d373216586a61f15449fa2b3eef9c1878725519ea28807cf2d30135"
            ],
            "index": "pypi",
            "version": "==1.0.0"
        },
        "flake8-quotes": {
            "hashes": [
                "sha256:83efcb4d4dc3ebcc74e2f20330d1f3460393cf8fb1ec045888ce169e0f998e70"
            ],
            "index": "pypi",
            "version": "==0.14.0"
        },
        "mccabe": {
            "hashes": [
                "sha256:ab8a6258860da4b6677da4bd2fe5dc2c659cff31b3ee4f7f5d64e79735b80d42",
                "sha256:dd8d182285a0fe56bace7f45b5e7d1a6ebcbf524e8f3bd87eb0f125271b8831f"
            ],
            "version": "==0.6.1"
        },
        "mypy": {
            "hashes": [
                "sha256:aa668809ae0dbec5e9feb8929f4b5e1f9318a0a397447fa2f38c382a2ed6a036",
                "sha256:bd0c9a2fcf0c4f7a54a2b625f466fcc000d415f371298d96fa5d2acc69074aca"
            ],
            "index": "pypi",
            "version": "==0.560"
        },
        "psutil": {
            "hashes": [
                "sha256:1c19957883e0b93d081d41687089ad630e370e26dc49fd9df6951d6c891c4736",
                "sha256:1c71b9716790e202a00ab0931a6d1e25db1aa1198bcacaea2f5329f75d257fff",
                "sha256:3b7a4daf4223dae171a67a89314ac5ca0738e94064a78d99cfd751c55d05f315",
                "sha256:3e19be3441134445347af3767fa7770137d472a484070840eee6653b94ac5576",
                "sha256:6e265c8f3da00b015d24b842bfeb111f856b13d24f2c57036582568dc650d6c3",
                "sha256:809c9cef0402e3e48b5a1dddc390a8a6ff58b15362ea5714494073fa46c3d293",
                "sha256:b4d1b735bf5b120813f4c89db8ac22d89162c558cbd7fdd298866125fe906219",
                "sha256:bbffac64cfd01c6bcf90eb1bedc6c80501c4dae8aef4ad6d6dd49f8f05f6fc5a",
                "sha256:bfcea4f189177b2d2ce4a34b03c4ac32c5b4c22e21f5b093d9d315e6e253cd81"
            ],
            "version": "==5.4.8"
        },
        "pycodestyle": {
            "hashes": [
                "sha256:682256a5b318149ca0d2a9185d365d8864a768a28db66a84a2ea946bcc426766",
                "sha256:6c4245ade1edfad79c3446fadfc96b0de2759662dc29d07d80a6f27ad1ca6ba9"
            ],
            "version": "==2.3.1"
        },
        "pyflakes": {
            "hashes": [
                "sha256:08bd6a50edf8cffa9fa09a463063c425ecaaf10d1eb0335a7e8b1401aef89e6f",
                "sha256:8d616a382f243dbf19b54743f280b80198be0bca3a5396f1d2e1fca6223e8805"
            ],
            "version": "==1.6.0"
        },
        "typed-ast": {
            "hashes": [
                "sha256:0cf0c406af2a6472a02254fe1ced40cb81a7c1215b7ceba88a3bb9c3a864f851",
                "sha256:1b784cd3c6778cd7b99afb41ddcaa1eb5b35a399210db7fcf24ed082670e0070",
                "sha256:2d7a322c1df6cccff2381c0475c1ebf82d3e9a331e48ed4ea89bbc72a8dedca6",
                "sha256:4304399ff89452871348f6fb7a7112454cd508fbe3eb49b5ed711cce9b99fe9e",
                "sha256:4658aebc30c0af80e63b579e917c04b592bdf10ef40da381b2fd179075b5d1b6",
                "sha256:471a7f12e55ad22f7a4bb2c3e62e39e3ab78008b24c61c48c9042e63b7359bb9",
                "sha256:57cb23412dac214383c6b6f0f7b0aec2d0c001a936af20f0b53542bbe4ba08a7",
                "sha256:5eb14e6b3aa5ff5d7e964b978a718227b5576b3965f1dd71dd055f71054233a5",
                "sha256:8219b6147af4d609096b6db2c797281e19fd3f7232ef35932bc74a812ff417a0",
                "sha256:8a7e9635cf0aaca04b2a4d4b3501c0dbc5c49a140b2e55b00e218d41ed2a69c8",
                "sha256:935157ada4aa115d61c59e759e43c5862b04d19ffe6fe5c9d735716587535cb7",
                "sha256:9525f4cbe3eb7b9e19a87c765ca9bbc1147ce18f75059e15138eb7fc59ce02e3",
                "sha256:99c140583eef6b50f3de4af44718a4fc63108671b29c468b5ff83ed383facf6d",
                "sha256:9e358ce6d4c43a90c15b99b76261adc852998680628c780f26fd64bc21adb9fa",
                "sha256:aaf63a024b54d2788cff3400de79009ee8a23594b581d4f33d90b7c67f8c05bd",
                "sha256:c3313b3fa1b6b722866eda370c14fd8f4962b6bcd1f6d43f42d6818a8b29d998",
                "sha256:c9342947e5f3480473d836754d69965a12ac2237d99ae85d1e3fdd1c1722669f",
                "sha256:cb1c7e5b3195103f5a784db7969fc55463cfae9b354e3b97cc219d32293d5e65",
                "sha256:d2d2cce74165cae2663167c921e331fb0eecfff2e93254dfdb16beb99716e519",
                "sha256:d6fc3b9fbf67d556223aa5493501022e1d585b9a1892fa87ba1257627763c461",
                "sha256:fa4eafaa57074958f065c2a6222d8f11162739f8c9db125472a1f04794a0b91d"
            ],
            "version": "==1.1.2"
        },
        "vulture": {
            "hashes": [
                "sha256:1e420658911805435de267f71a78c9f5467021afd7d10609bf10c3b114223a84",
                "sha256:89b0fae71c4b1f536c72f36e4f84d5e4f063d9b0bd54a5ace0d7725aabdf04a1"
            ],
            "index": "pypi",
            "version": "==0.26"
        }
    }
}
